
Microsoft Visual Studio Solution File, Format Version 11.00
# Visual Studio 2010
Project("{FAE04EC0-301F-11D3-BF4B-00C04F79EFBC}") = "Assembly-CSharp", "Assembly-CSharp.csproj", "{04c0e1ac-47d9-d315-f006-debdf5fdb721}"
EndProject
Project("{FAE04EC0-301F-11D3-BF4B-00C04F79EFBC}") = "Assembly-CSharp-Editor", "Assembly-CSharp-Editor.csproj", "{6b8f2061-22ad-75da-8c27-04a3820eb0d3}"
EndProject
Global
	GlobalSection(SolutionConfigurationPlatforms) = preSolution
		Debug|Any CPU = Debug|Any CPU
	EndGlobalSection
	GlobalSection(ProjectConfigurationPlatforms) = postSolution
		{04c0e1ac-47d9-d315-f006-debdf5fdb721}.Debug|Any CPU.ActiveCfg = Debug|Any CPU
		{04c0e1ac-47d9-d315-f006-debdf5fdb721}.Debug|Any CPU.Build.0 = Debug|Any CPU
		{6b8f2061-22ad-75da-8c27-04a3820eb0d3}.Debug|Any CPU.ActiveCfg = Debug|Any CPU
		{6b8f2061-22ad-75da-8c27-04a3820eb0d3}.Debug|Any CPU.Build.0 = Debug|Any CPU
	EndGlobalSection
	GlobalSection(SolutionProperties) = preSolution
		HideSolutionNode = FALSE
	EndGlobalSection
EndGlobal
