
Microsoft Visual Studio Solution File, Format Version 11.00
# Visual Studio 2010
Project("{FAE04EC0-301F-11D3-BF4B-00C04F79EFBC}") = "Assembly-CSharp", "Assembly-CSharp.csproj", "{e16c36e6-2217-4da8-33cd-8fd3a26e4235}"
EndProject
Project("{FAE04EC0-301F-11D3-BF4B-00C04F79EFBC}") = "Assembly-CSharp-Editor", "Assembly-CSharp-Editor.csproj", "{5a3f2263-b7a9-47eb-6c11-c7dbed9a9037}"
EndProject
Global
	GlobalSection(SolutionConfigurationPlatforms) = preSolution
		Debug|Any CPU = Debug|Any CPU
	EndGlobalSection
	GlobalSection(ProjectConfigurationPlatforms) = postSolution
		{e16c36e6-2217-4da8-33cd-8fd3a26e4235}.Debug|Any CPU.ActiveCfg = Debug|Any CPU
		{e16c36e6-2217-4da8-33cd-8fd3a26e4235}.Debug|Any CPU.Build.0 = Debug|Any CPU
		{5a3f2263-b7a9-47eb-6c11-c7dbed9a9037}.Debug|Any CPU.ActiveCfg = Debug|Any CPU
		{5a3f2263-b7a9-47eb-6c11-c7dbed9a9037}.Debug|Any CPU.Build.0 = Debug|Any CPU
	EndGlobalSection
	GlobalSection(SolutionProperties) = preSolution
		HideSolutionNode = FALSE
	EndGlobalSection
EndGlobal
